# THIS IS AN AUTOGENERATED FILE. DO NOT EDIT THIS FILE DIRECTLY.
# yarn lockfile v1


"@agyemanjp/somatic@^2.7.5":
  version "2.7.5"
  resolved "https://registry.yarnpkg.com/@agyemanjp/somatic/-/somatic-2.7.5.tgz#a8d2333978c96a8905874fd31f500f12b162a02f"
  integrity sha512-onMSumM3RW6wxnl/HTxJRgzKxudQ+4cERmDQjIW/EdnTciuOS35xYwnLYMH2iJvWJzCbpQjdNJIxjJk7afIBww==
  dependencies:
    "@agyemanjp/standard" "^4.0.3"
    cuid "2.1.8"

"@agyemanjp/standard@^4.0.3", "@agyemanjp/standard@^4.0.4":
  version "4.0.4"
  resolved "https://registry.yarnpkg.com/@agyemanjp/standard/-/standard-4.0.4.tgz#bd9c61a64b569388ee9baa33a557b91865440b52"
  integrity sha512-E0gOYzLv6XtS0o1UiDBpxXohlk4CPXRvihphCF6Shh/aluHjxYh5CInGpTGUisuxJbVMckGbD1hmR0R8ZVfQ2A==

cuid@2.1.8:
  version "2.1.8"
  resolved "https://registry.yarnpkg.com/cuid/-/cuid-2.1.8.tgz#cbb88f954171e0d5747606c0139fb65c5101eac0"
  integrity sha512-xiEMER6E7TlTPnDxrM4eRiC6TRgjNX9xzEZ5U/Se2YJKr7Mq4pJn/2XEHjl3STcSh96GmkHPcBXLES8M29wyyg==
